// !$*UTF8*$!
{
	archiveVersion = 1;
	classes = {
	};
	objectVersion = 50;
	objects = {

/* Begin PBXBuildFile section */
		DA4706FF23B4E3B60092676D /* main.cpp in Sources */ = {isa = PBXBuildFile; fileRef = DAC0097823B22238009CC9B2 /* main.cpp */; };
		DA49C42A23B3CE76002E11A3 /* CoreFoundation.framework in Frameworks */ = {isa = PBXBuildFile; fileRef = DA49C42823B3CE5B002E11A3 /* CoreFoundation.framework */; };
		DA49C42C23B3CE85002E11A3 /* IOKit.framework in Frameworks */ = {isa = PBXBuildFile; fileRef = DA49C42423B3CE4B002E11A3 /* IOKit.framework */; };
		DA6EF2E9245C9125002EBB83 /* Awaken.cpp in Sources */ = {isa = PBXBuildFile; fileRef = DA6EF2D4245C9125002EBB83 /* Awaken.cpp */; };
		DA6EF2EA245C9125002EBB83 /* IOPowerAssertion.cpp in Sources */ = {isa = PBXBuildFile; fileRef = DA6EF2D6245C9125002EBB83 /* IOPowerAssertion.cpp */; };
		DA6EF2EB245C9125002EBB83 /* DispatchWaiter.cpp in Sources */ = {isa = PBXBuildFile; fileRef = DA6EF2DB245C9125002EBB83 /* DispatchWaiter.cpp */; };
		DA6EF2EC245C9125002EBB83 /* ThreadWaiter.cpp in Sources */ = {isa = PBXBuildFile; fileRef = DA6EF2DC245C9125002EBB83 /* ThreadWaiter.cpp */; };
		DA6EF2ED245C9125002EBB83 /* IOPowerAssertion.hpp in Headers */ = {isa = PBXBuildFile; fileRef = DA6EF2E0245C9125002EBB83 /* IOPowerAssertion.hpp */; };
		DA6EF2EE245C9125002EBB83 /* DispatchWaiter.hpp in Headers */ = {isa = PBXBuildFile; fileRef = DA6EF2E3245C9125002EBB83 /* DispatchWaiter.hpp */; };
		DA6EF2EF245C9125002EBB83 /* ThreadWaiter.hpp in Headers */ = {isa = PBXBuildFile; fileRef = DA6EF2E4245C9125002EBB83 /* ThreadWaiter.hpp */; };
		DA6EF2F0245C9125002EBB83 /* Waiter.hpp in Headers */ = {isa = PBXBuildFile; fileRef = DA6EF2E6245C9125002EBB83 /* Waiter.hpp */; };
		DA6EF2F1245C9125002EBB83 /* Awaken.hpp in Headers */ = {isa = PBXBuildFile; fileRef = DA6EF2E7245C9125002EBB83 /* Awaken.hpp */; };
		DA6EF2F2245C9125002EBB83 /* Log.hpp in Headers */ = {isa = PBXBuildFile; fileRef = DA6EF2E8245C9125002EBB83 /* Log.hpp */; };
		DAC0098F23B2228C009CC9B2 /* libAwaken.a in Frameworks */ = {isa = PBXBuildFile; fileRef = DAC0098323B22284009CC9B2 /* libAwaken.a */; };
/* End PBXBuildFile section */

/* Begin PBXContainerItemProxy section */
		DAC0099023B2228C009CC9B2 /* PBXContainerItemProxy */ = {
			isa = PBXContainerItemProxy;
			containerPortal = DAC0096D23B22238009CC9B2 /* Project object */;
			proxyType = 1;
			remoteGlobalIDString = DAC0098223B22284009CC9B2;
			remoteInfo = Awaken;
		};
/* End PBXContainerItemProxy section */

/* Begin PBXCopyFilesBuildPhase section */
		DAC0097323B22238009CC9B2 /* CopyFiles */ = {
			isa = PBXCopyFilesBuildPhase;
			buildActionMask = 2147483647;
			dstPath = /usr/share/man/man1/;
			dstSubfolderSpec = 0;
			files = (
			);
			runOnlyForDeploymentPostprocessing = 1;
		};
/* End PBXCopyFilesBuildPhase section */

/* Begin PBXFileReference section */
		DA286394245CBF52002D008B /* cxxopts.hpp */ = {isa = PBXFileReference; fileEncoding = 4; lastKnownFileType = sourcecode.cpp.h; path = cxxopts.hpp; sourceTree = "<group>"; };
		DA4706FD23B4E3120092676D /* libc++.tbd */ = {isa = PBXFileReference; lastKnownFileType = "sourcecode.text-based-dylib-definition"; name = "libc++.tbd"; path = "usr/lib/libc++.tbd"; sourceTree = SDKROOT; };
		DA49C42423B3CE4B002E11A3 /* IOKit.framework */ = {isa = PBXFileReference; lastKnownFileType = wrapper.framework; name = IOKit.framework; path = System/Library/Frameworks/IOKit.framework; sourceTree = SDKROOT; };
		DA49C42623B3CE56002E11A3 /* libdispatch.tbd */ = {isa = PBXFileReference; lastKnownFileType = "sourcecode.text-based-dylib-definition"; name = libdispatch.tbd; path = usr/lib/system/libdispatch.tbd; sourceTree = SDKROOT; };
		DA49C42823B3CE5B002E11A3 /* CoreFoundation.framework */ = {isa = PBXFileReference; lastKnownFileType = wrapper.framework; name = CoreFoundation.framework; path = System/Library/Frameworks/CoreFoundation.framework; sourceTree = SDKROOT; };
		DA6EF2D4245C9125002EBB83 /* Awaken.cpp */ = {isa = PBXFileReference; fileEncoding = 4; lastKnownFileType = sourcecode.cpp.cpp; path = Awaken.cpp; sourceTree = "<group>"; };
		DA6EF2D6245C9125002EBB83 /* IOPowerAssertion.cpp */ = {isa = PBXFileReference; fileEncoding = 4; lastKnownFileType = sourcecode.cpp.cpp; path = IOPowerAssertion.cpp; sourceTree = "<group>"; };
		DA6EF2DB245C9125002EBB83 /* DispatchWaiter.cpp */ = {isa = PBXFileReference; fileEncoding = 4; lastKnownFileType = sourcecode.cpp.cpp; path = DispatchWaiter.cpp; sourceTree = "<group>"; };
		DA6EF2DC245C9125002EBB83 /* ThreadWaiter.cpp */ = {isa = PBXFileReference; fileEncoding = 4; lastKnownFileType = sourcecode.cpp.cpp; path = ThreadWaiter.cpp; sourceTree = "<group>"; };
		DA6EF2E0245C9125002EBB83 /* IOPowerAssertion.hpp */ = {isa = PBXFileReference; fileEncoding = 4; lastKnownFileType = sourcecode.cpp.h; path = IOPowerAssertion.hpp; sourceTree = "<group>"; };
		DA6EF2E3245C9125002EBB83 /* DispatchWaiter.hpp */ = {isa = PBXFileReference; fileEncoding = 4; lastKnownFileType = sourcecode.cpp.h; path = DispatchWaiter.hpp; sourceTree = "<group>"; };
		DA6EF2E4245C9125002EBB83 /* ThreadWaiter.hpp */ = {isa = PBXFileReference; fileEncoding = 4; lastKnownFileType = sourcecode.cpp.h; path = ThreadWaiter.hpp; sourceTree = "<group>"; };
		DA6EF2E6245C9125002EBB83 /* Waiter.hpp */ = {isa = PBXFileReference; fileEncoding = 4; lastKnownFileType = sourcecode.cpp.h; path = Waiter.hpp; sourceTree = "<group>"; };
		DA6EF2E7245C9125002EBB83 /* Awaken.hpp */ = {isa = PBXFileReference; fileEncoding = 4; lastKnownFileType = sourcecode.cpp.h; path = Awaken.hpp; sourceTree = "<group>"; };
		DA6EF2E8245C9125002EBB83 /* Log.hpp */ = {isa = PBXFileReference; fileEncoding = 4; lastKnownFileType = sourcecode.cpp.h; path = Log.hpp; sourceTree = "<group>"; };
		DAC0097523B22238009CC9B2 /* awaken */ = {isa = PBXFileReference; explicitFileType = "compiled.mach-o.executable"; includeInIndex = 0; path = awaken; sourceTree = BUILT_PRODUCTS_DIR; };
		DAC0097823B22238009CC9B2 /* main.cpp */ = {isa = PBXFileReference; lastKnownFileType = sourcecode.cpp.cpp; path = main.cpp; sourceTree = "<group>"; };
		DAC0098323B22284009CC9B2 /* libAwaken.a */ = {isa = PBXFileReference; explicitFileType = archive.ar; includeInIndex = 0; path = libAwaken.a; sourceTree = BUILT_PRODUCTS_DIR; };
/* End PBXFileReference section */

/* Begin PBXFrameworksBuildPhase section */
		DAC0097223B22238009CC9B2 /* Frameworks */ = {
			isa = PBXFrameworksBuildPhase;
			buildActionMask = 2147483647;
			files = (
				DA49C42A23B3CE76002E11A3 /* CoreFoundation.framework in Frameworks */,
				DA49C42C23B3CE85002E11A3 /* IOKit.framework in Frameworks */,
				DAC0098F23B2228C009CC9B2 /* libAwaken.a in Frameworks */,
			);
			runOnlyForDeploymentPostprocessing = 0;
		};
		DAC0098123B22284009CC9B2 /* Frameworks */ = {
			isa = PBXFrameworksBuildPhase;
			buildActionMask = 2147483647;
			files = (
			);
			runOnlyForDeploymentPostprocessing = 0;
		};
/* End PBXFrameworksBuildPhase section */

/* Begin PBXGroup section */
		DA28638E245CBF52002D008B /* vendor */ = {
			isa = PBXGroup;
			children = (
				DA286390245CBF52002D008B /* cxxopts */,
			);
			path = vendor;
			sourceTree = "<group>";
		};
		DA286390245CBF52002D008B /* cxxopts */ = {
			isa = PBXGroup;
			children = (
				DA286394245CBF52002D008B /* cxxopts.hpp */,
			);
			path = cxxopts;
			sourceTree = "<group>";
		};
		DA6EF2D2245C911A002EBB83 /* Awaken */ = {
			isa = PBXGroup;
			children = (
				DA6EF2DD245C9125002EBB83 /* include */,
				DA6EF2D3245C9125002EBB83 /* src */,
				DA28638E245CBF52002D008B /* vendor */,
			);
			name = Awaken;
			sourceTree = "<group>";
		};
		DA6EF2D3245C9125002EBB83 /* src */ = {
			isa = PBXGroup;
			children = (
				DA6EF2D4245C9125002EBB83 /* Awaken.cpp */,
				DA6EF2D5245C9125002EBB83 /* IOPowerAssertion */,
				DA6EF2D9245C9125002EBB83 /* Waiter */,
			);
			path = src;
			sourceTree = "<group>";
		};
		DA6EF2D5245C9125002EBB83 /* IOPowerAssertion */ = {
			isa = PBXGroup;
			children = (
				DA6EF2D6245C9125002EBB83 /* IOPowerAssertion.cpp */,
			);
			path = IOPowerAssertion;
			sourceTree = "<group>";
		};
		DA6EF2D9245C9125002EBB83 /* Waiter */ = {
			isa = PBXGroup;
			children = (
				DA6EF2DB245C9125002EBB83 /* DispatchWaiter.cpp */,
				DA6EF2DC245C9125002EBB83 /* ThreadWaiter.cpp */,
			);
			path = Waiter;
			sourceTree = "<group>";
		};
		DA6EF2DD245C9125002EBB83 /* include */ = {
			isa = PBXGroup;
			children = (
				DA6EF2E7245C9125002EBB83 /* Awaken.hpp */,
				DA6EF2E8245C9125002EBB83 /* Log.hpp */,
				DA6EF2DE245C9125002EBB83 /* IOPowerAssertion */,
				DA6EF2E2245C9125002EBB83 /* Waiter */,
			);
			path = include;
			sourceTree = "<group>";
		};
		DA6EF2DE245C9125002EBB83 /* IOPowerAssertion */ = {
			isa = PBXGroup;
			children = (
				DA6EF2E0245C9125002EBB83 /* IOPowerAssertion.hpp */,
			);
			path = IOPowerAssertion;
			sourceTree = "<group>";
		};
		DA6EF2E2245C9125002EBB83 /* Waiter */ = {
			isa = PBXGroup;
			children = (
				DA6EF2E3245C9125002EBB83 /* DispatchWaiter.hpp */,
				DA6EF2E4245C9125002EBB83 /* ThreadWaiter.hpp */,
				DA6EF2E6245C9125002EBB83 /* Waiter.hpp */,
			);
			path = Waiter;
			sourceTree = "<group>";
		};
		DAC0096C23B22238009CC9B2 = {
			isa = PBXGroup;
			children = (
				DAC0097823B22238009CC9B2 /* main.cpp */,
				DA6EF2D2245C911A002EBB83 /* Awaken */,
				DAC0097623B22238009CC9B2 /* Products */,
				DAC0098E23B2228C009CC9B2 /* Frameworks */,
			);
			sourceTree = "<group>";
		};
		DAC0097623B22238009CC9B2 /* Products */ = {
			isa = PBXGroup;
			children = (
				DAC0097523B22238009CC9B2 /* awaken */,
				DAC0098323B22284009CC9B2 /* libAwaken.a */,
			);
			name = Products;
			sourceTree = "<group>";
		};
		DAC0098E23B2228C009CC9B2 /* Frameworks */ = {
			isa = PBXGroup;
			children = (
				DA4706FD23B4E3120092676D /* libc++.tbd */,
				DA49C42823B3CE5B002E11A3 /* CoreFoundation.framework */,
				DA49C42623B3CE56002E11A3 /* libdispatch.tbd */,
				DA49C42423B3CE4B002E11A3 /* IOKit.framework */,
			);
			name = Frameworks;
			sourceTree = "<group>";
		};
/* End PBXGroup section */

/* Begin PBXHeadersBuildPhase section */
		DAC0097F23B22284009CC9B2 /* Headers */ = {
			isa = PBXHeadersBuildPhase;
			buildActionMask = 2147483647;
			files = (
				DA6EF2F0245C9125002EBB83 /* Waiter.hpp in Headers */,
				DA6EF2EE245C9125002EBB83 /* DispatchWaiter.hpp in Headers */,
				DA6EF2EF245C9125002EBB83 /* ThreadWaiter.hpp in Headers */,
				DA6EF2F2245C9125002EBB83 /* Log.hpp in Headers */,
				DA6EF2F1245C9125002EBB83 /* Awaken.hpp in Headers */,
				DA6EF2ED245C9125002EBB83 /* IOPowerAssertion.hpp in Headers */,
			);
			runOnlyForDeploymentPostprocessing = 0;
		};
/* End PBXHeadersBuildPhase section */

/* Begin PBXNativeTarget section */
		DAC0097423B22238009CC9B2 /* awaken */ = {
			isa = PBXNativeTarget;
			buildConfigurationList = DAC0097C23B22238009CC9B2 /* Build configuration list for PBXNativeTarget "awaken" */;
			buildPhases = (
				DAC0097123B22238009CC9B2 /* Sources */,
				DAC0097223B22238009CC9B2 /* Frameworks */,
				DAC0097323B22238009CC9B2 /* CopyFiles */,
			);
			buildRules = (
			);
			dependencies = (
				DAC0099123B2228C009CC9B2 /* PBXTargetDependency */,
			);
			name = awaken;
			productName = awaken;
			productReference = DAC0097523B22238009CC9B2 /* awaken */;
			productType = "com.apple.product-type.tool";
		};
		DAC0098223B22284009CC9B2 /* Awaken */ = {
			isa = PBXNativeTarget;
			buildConfigurationList = DAC0098B23B22284009CC9B2 /* Build configuration list for PBXNativeTarget "Awaken" */;
			buildPhases = (
				DAC0097F23B22284009CC9B2 /* Headers */,
				DAC0098023B22284009CC9B2 /* Sources */,
				DAC0098123B22284009CC9B2 /* Frameworks */,
			);
			buildRules = (
			);
			dependencies = (
			);
			name = Awaken;
			productName = Awaken;
			productReference = DAC0098323B22284009CC9B2 /* libAwaken.a */;
			productType = "com.apple.product-type.library.static";
		};
/* End PBXNativeTarget section */

/* Begin PBXProject section */
		DAC0096D23B22238009CC9B2 /* Project object */ = {
			isa = PBXProject;
			attributes = {
				CLASSPREFIX = KYA;
				LastUpgradeCheck = 1140;
				ORGANIZATIONNAME = "Marcel Dierkes";
				TargetAttributes = {
					DAC0097423B22238009CC9B2 = {
						CreatedOnToolsVersion = 11.3;
					};
					DAC0098223B22284009CC9B2 = {
						CreatedOnToolsVersion = 11.3;
					};
				};
			};
			buildConfigurationList = DAC0097023B22238009CC9B2 /* Build configuration list for PBXProject "awaken" */;
			compatibilityVersion = "Xcode 9.3";
			developmentRegion = en;
			hasScannedForEncodings = 0;
			knownRegions = (
				en,
				Base,
			);
			mainGroup = DAC0096C23B22238009CC9B2;
			productRefGroup = DAC0097623B22238009CC9B2 /* Products */;
			projectDirPath = "";
			projectRoot = "";
			targets = (
				DAC0097423B22238009CC9B2 /* awaken */,
				DAC0098223B22284009CC9B2 /* Awaken */,
			);
		};
/* End PBXProject section */

/* Begin PBXSourcesBuildPhase section */
		DAC0097123B22238009CC9B2 /* Sources */ = {
			isa = PBXSourcesBuildPhase;
			buildActionMask = 2147483647;
			files = (
				DA4706FF23B4E3B60092676D /* main.cpp in Sources */,
			);
			runOnlyForDeploymentPostprocessing = 0;
		};
		DAC0098023B22284009CC9B2 /* Sources */ = {
			isa = PBXSourcesBuildPhase;
			buildActionMask = 2147483647;
			files = (
				DA6EF2EA245C9125002EBB83 /* IOPowerAssertion.cpp in Sources */,
				DA6EF2EC245C9125002EBB83 /* ThreadWaiter.cpp in Sources */,
				DA6EF2EB245C9125002EBB83 /* DispatchWaiter.cpp in Sources */,
				DA6EF2E9245C9125002EBB83 /* Awaken.cpp in Sources */,
			);
			runOnlyForDeploymentPostprocessing = 0;
		};
/* End PBXSourcesBuildPhase section */

/* Begin PBXTargetDependency section */
		DAC0099123B2228C009CC9B2 /* PBXTargetDependency */ = {
			isa = PBXTargetDependency;
			target = DAC0098223B22284009CC9B2 /* Awaken */;
			targetProxy = DAC0099023B2228C009CC9B2 /* PBXContainerItemProxy */;
		};
/* End PBXTargetDependency section */

/* Begin XCBuildConfiguration section */
		DAC0097A23B22238009CC9B2 /* Debug */ = {
			isa = XCBuildConfiguration;
			buildSettings = {
				ALWAYS_SEARCH_USER_PATHS = NO;
				CLANG_ANALYZER_NONNULL = YES;
				CLANG_ANALYZER_NUMBER_OBJECT_CONVERSION = YES_AGGRESSIVE;
				CLANG_CXX_LANGUAGE_STANDARD = "gnu++17";
				CLANG_CXX_LIBRARY = "libc++";
				CLANG_ENABLE_MODULES = YES;
				CLANG_ENABLE_OBJC_ARC = YES;
				CLANG_ENABLE_OBJC_WEAK = YES;
				CLANG_WARN_BLOCK_CAPTURE_AUTORELEASING = YES;
				CLANG_WARN_BOOL_CONVERSION = YES;
				CLANG_WARN_COMMA = YES;
				CLANG_WARN_CONSTANT_CONVERSION = YES;
				CLANG_WARN_DEPRECATED_OBJC_IMPLEMENTATIONS = YES;
				CLANG_WARN_DIRECT_OBJC_ISA_USAGE = YES_ERROR;
				CLANG_WARN_DOCUMENTATION_COMMENTS = YES;
				CLANG_WARN_EMPTY_BODY = YES;
				CLANG_WARN_ENUM_CONVERSION = YES;
				CLANG_WARN_INFINITE_RECURSION = YES;
				CLANG_WARN_INT_CONVERSION = YES;
				CLANG_WARN_NON_LITERAL_NULL_CONVERSION = YES;
				CLANG_WARN_OBJC_IMPLICIT_RETAIN_SELF = YES;
				CLANG_WARN_OBJC_LITERAL_CONVERSION = YES;
				CLANG_WARN_OBJC_ROOT_CLASS = YES_ERROR;
				CLANG_WARN_RANGE_LOOP_ANALYSIS = YES;
				CLANG_WARN_STRICT_PROTOTYPES = YES;
				CLANG_WARN_SUSPICIOUS_MOVE = YES;
				CLANG_WARN_UNGUARDED_AVAILABILITY = YES_AGGRESSIVE;
				CLANG_WARN_UNREACHABLE_CODE = YES;
				CLANG_WARN__DUPLICATE_METHOD_MATCH = YES;
				COPY_PHASE_STRIP = NO;
				DEBUG_INFORMATION_FORMAT = dwarf;
				ENABLE_STRICT_OBJC_MSGSEND = YES;
				ENABLE_TESTABILITY = YES;
				GCC_C_LANGUAGE_STANDARD = gnu11;
				GCC_DYNAMIC_NO_PIC = NO;
				GCC_NO_COMMON_BLOCKS = YES;
				GCC_OPTIMIZATION_LEVEL = 0;
				GCC_PREPROCESSOR_DEFINITIONS = (
					"DEBUG=1",
					"$(inherited)",
				);
				GCC_WARN_64_TO_32_BIT_CONVERSION = YES;
				GCC_WARN_ABOUT_RETURN_TYPE = YES_ERROR;
				GCC_WARN_UNDECLARED_SELECTOR = YES;
				GCC_WARN_UNINITIALIZED_AUTOS = YES_AGGRESSIVE;
				GCC_WARN_UNUSED_FUNCTION = YES;
				GCC_WARN_UNUSED_VARIABLE = YES;
				MACOSX_DEPLOYMENT_TARGET = 10.15;
				MTL_ENABLE_DEBUG_INFO = INCLUDE_SOURCE;
				MTL_FAST_MATH = YES;
				ONLY_ACTIVE_ARCH = YES;
				SDKROOT = macosx;
				USER_HEADER_SEARCH_PATHS = include;
			};
			name = Debug;
		};
		DAC0097B23B22238009CC9B2 /* Release */ = {
			isa = XCBuildConfiguration;
			buildSettings = {
				ALWAYS_SEARCH_USER_PATHS = NO;
				CLANG_ANALYZER_NONNULL = YES;
				CLANG_ANALYZER_NUMBER_OBJECT_CONVERSION = YES_AGGRESSIVE;
				CLANG_CXX_LANGUAGE_STANDARD = "gnu++17";
				CLANG_CXX_LIBRARY = "libc++";
				CLANG_ENABLE_MODULES = YES;
				CLANG_ENABLE_OBJC_ARC = YES;
				CLANG_ENABLE_OBJC_WEAK = YES;
				CLANG_WARN_BLOCK_CAPTURE_AUTORELEASING = YES;
				CLANG_WARN_BOOL_CONVERSION = YES;
				CLANG_WARN_COMMA = YES;
				CLANG_WARN_CONSTANT_CONVERSION = YES;
				CLANG_WARN_DEPRECATED_OBJC_IMPLEMENTATIONS = YES;
				CLANG_WARN_DIRECT_OBJC_ISA_USAGE = YES_ERROR;
				CLANG_WARN_DOCUMENTATION_COMMENTS = YES;
				CLANG_WARN_EMPTY_BODY = YES;
				CLANG_WARN_ENUM_CONVERSION = YES;
				CLANG_WARN_INFINITE_RECURSION = YES;
				CLANG_WARN_INT_CONVERSION = YES;
				CLANG_WARN_NON_LITERAL_NULL_CONVERSION = YES;
				CLANG_WARN_OBJC_IMPLICIT_RETAIN_SELF = YES;
				CLANG_WARN_OBJC_LITERAL_CONVERSION = YES;
				CLANG_WARN_OBJC_ROOT_CLASS = YES_ERROR;
				CLANG_WARN_RANGE_LOOP_ANALYSIS = YES;
				CLANG_WARN_STRICT_PROTOTYPES = YES;
				CLANG_WARN_SUSPICIOUS_MOVE = YES;
				CLANG_WARN_UNGUARDED_AVAILABILITY = YES_AGGRESSIVE;
				CLANG_WARN_UNREACHABLE_CODE = YES;
				CLANG_WARN__DUPLICATE_METHOD_MATCH = YES;
				COPY_PHASE_STRIP = NO;
				DEBUG_INFORMATION_FORMAT = "dwarf-with-dsym";
				ENABLE_NS_ASSERTIONS = NO;
				ENABLE_STRICT_OBJC_MSGSEND = YES;
				GCC_C_LANGUAGE_STANDARD = gnu11;
				GCC_NO_COMMON_BLOCKS = YES;
				GCC_WARN_64_TO_32_BIT_CONVERSION = YES;
				GCC_WARN_ABOUT_RETURN_TYPE = YES_ERROR;
				GCC_WARN_UNDECLARED_SELECTOR = YES;
				GCC_WARN_UNINITIALIZED_AUTOS = YES_AGGRESSIVE;
				GCC_WARN_UNUSED_FUNCTION = YES;
				GCC_WARN_UNUSED_VARIABLE = YES;
				MACOSX_DEPLOYMENT_TARGET = 10.15;
				MTL_ENABLE_DEBUG_INFO = NO;
				MTL_FAST_MATH = YES;
				SDKROOT = macosx;
				USER_HEADER_SEARCH_PATHS = include;
			};
			name = Release;
		};
		DAC0097D23B22238009CC9B2 /* Debug */ = {
			isa = XCBuildConfiguration;
			buildSettings = {
				CODE_SIGN_IDENTITY = "-";
				CODE_SIGN_STYLE = Automatic;
				DEVELOPMENT_TEAM = 5KESHV9W85;
				ENABLE_HARDENED_RUNTIME = YES;
				LIBRARY_SEARCH_PATHS = (
					"$(inherited)",
					"$(SDKROOT)/usr/lib/system",
				);
				PRODUCT_NAME = "$(TARGET_NAME)";
				USER_HEADER_SEARCH_PATHS = (
					include,
					vendor,
				);
			};
			name = Debug;
		};
		DAC0097E23B22238009CC9B2 /* Release */ = {
			isa = XCBuildConfiguration;
			buildSettings = {
				CODE_SIGN_IDENTITY = "-";
				CODE_SIGN_STYLE = Automatic;
				DEVELOPMENT_TEAM = 5KESHV9W85;
				ENABLE_HARDENED_RUNTIME = YES;
				LIBRARY_SEARCH_PATHS = (
					"$(inherited)",
					"$(SDKROOT)/usr/lib/system",
				);
				PRODUCT_NAME = "$(TARGET_NAME)";
				USER_HEADER_SEARCH_PATHS = (
					include,
					vendor,
				);
			};
			name = Release;
		};
		DAC0098C23B22284009CC9B2 /* Debug */ = {
			isa = XCBuildConfiguration;
			buildSettings = {
				CODE_SIGN_STYLE = Automatic;
				DEVELOPMENT_TEAM = 5KESHV9W85;
				EXECUTABLE_PREFIX = lib;
				GCC_ENABLE_CPP_EXCEPTIONS = NO;
				GCC_ENABLE_CPP_RTTI = NO;
				LIBRARY_SEARCH_PATHS = (
					"$(inherited)",
					"$(SDKROOT)/usr/lib/system",
				);
				PRODUCT_NAME = "$(TARGET_NAME)";
				SKIP_INSTALL = YES;
			};
			name = Debug;
		};
		DAC0098D23B22284009CC9B2 /* Release */ = {
			isa = XCBuildConfiguration;
			buildSettings = {
				CODE_SIGN_STYLE = Automatic;
				DEVELOPMENT_TEAM = 5KESHV9W85;
				EXECUTABLE_PREFIX = lib;
				GCC_ENABLE_CPP_EXCEPTIONS = NO;
				GCC_ENABLE_CPP_RTTI = NO;
				LIBRARY_SEARCH_PATHS = (
					"$(inherited)",
					"$(SDKROOT)/usr/lib/system",
				);
				PRODUCT_NAME = "$(TARGET_NAME)";
				SKIP_INSTALL = YES;
			};
			name = Release;
		};
/* End XCBuildConfiguration section */

/* Begin XCConfigurationList section */
		DAC0097023B22238009CC9B2 /* Build configuration list for PBXProject "awaken" */ = {
			isa = XCConfigurationList;
			buildConfigurations = (
				DAC0097A23B22238009CC9B2 /* Debug */,
				DAC0097B23B22238009CC9B2 /* Release */,
			);
			defaultConfigurationIsVisible = 0;
			defaultConfigurationName = Release;
		};
		DAC0097C23B22238009CC9B2 /* Build configuration list for PBXNativeTarget "awaken" */ = {
			isa = XCConfigurationList;
			buildConfigurations = (
				DAC0097D23B22238009CC9B2 /* Debug */,
				DAC0097E23B22238009CC9B2 /* Release */,
			);
			defaultConfigurationIsVisible = 0;
			defaultConfigurationName = Release;
		};
		DAC0098B23B22284009CC9B2 /* Build configuration list for PBXNativeTarget "Awaken" */ = {
			isa = XCConfigurationList;
			buildConfigurations = (
				DAC0098C23B22284009CC9B2 /* Debug */,
				DAC0098D23B22284009CC9B2 /* Release */,
			);
			defaultConfigurationIsVisible = 0;
			defaultConfigurationName = Release;
		};
/* End XCConfigurationList section */
	};
	rootObject = DAC0096D23B22238009CC9B2 /* Project object */;
}
